{
  "projects": [
    {
      "projectId": "9eShMHQiqbhQ86dWVmhWN6",
      "version": "latest",
      "dependencies": {},
      "lang": "js",
      "fileLocks": [
        {
          "type": "globalVariant",
          "assetId": "1hbS2myYCfGb",
          "checksum": "bb2c670c7a4c6adde824ab3629556b3e"
        },
        {
          "type": "renderModule",
          "assetId": "doTMVq9hBpej",
          "checksum": "7717461ba58f8712e312115f86eaaff8"
        },
        {
          "type": "cssRules",
          "assetId": "doTMVq9hBpej",
          "checksum": "7717461ba58f8712e312115f86eaaff8"
        },
        {
          "type": "renderModule",
          "assetId": "OEh1Gf-kH7BR",
          "checksum": "fe67ed8d44997848778b9e6cc6cec2ce"
        },
        {
          "type": "cssRules",
          "assetId": "OEh1Gf-kH7BR",
          "checksum": "fe67ed8d44997848778b9e6cc6cec2ce"
        },
        {
          "type": "renderModule",
          "assetId": "3cegZHqHBYP-",
          "checksum": "f8449557a04fae8ebfd5efd785e3ed59"
        },
        {
          "type": "cssRules",
          "assetId": "3cegZHqHBYP-",
          "checksum": "f8449557a04fae8ebfd5efd785e3ed59"
        },
        {
          "type": "renderModule",
          "assetId": "Ag01ejaq0aQy",
          "checksum": "f6f898d1ba8d5e423e25e1d3762afcd6"
        },
        {
          "type": "cssRules",
          "assetId": "Ag01ejaq0aQy",
          "checksum": "f6f898d1ba8d5e423e25e1d3762afcd6"
        },
        {
          "type": "renderModule",
          "assetId": "IB_HD0FV8u-Y",
          "checksum": "df7a51116aa0a95175885e1b66af1805"
        },
        {
          "type": "cssRules",
          "assetId": "IB_HD0FV8u-Y",
          "checksum": "df7a51116aa0a95175885e1b66af1805"
        },
        {
          "type": "renderModule",
          "assetId": "CmQ2T1VeZ2bB",
          "checksum": "21d5dca30cd0c5b90687c331c73f9cc2"
        },
        {
          "type": "cssRules",
          "assetId": "CmQ2T1VeZ2bB",
          "checksum": "21d5dca30cd0c5b90687c331c73f9cc2"
        },
        {
          "type": "renderModule",
          "assetId": "3TkPjo5hFIGe",
          "checksum": "ab344cf0b679763804187a3335055894"
        },
        {
          "type": "cssRules",
          "assetId": "3TkPjo5hFIGe",
          "checksum": "ab344cf0b679763804187a3335055894"
        },
        {
          "type": "renderModule",
          "assetId": "URqTM-LuUxPW",
          "checksum": "6e32bfab4a60e9efc99a2abf95b4b602"
        },
        {
          "type": "cssRules",
          "assetId": "URqTM-LuUxPW",
          "checksum": "6e32bfab4a60e9efc99a2abf95b4b602"
        },
        {
          "type": "renderModule",
          "assetId": "QmuT5vbIi3qI",
          "checksum": "135b79b2235346bb3ae404dfd6dcf806"
        },
        {
          "type": "cssRules",
          "assetId": "QmuT5vbIi3qI",
          "checksum": "135b79b2235346bb3ae404dfd6dcf806"
        },
        {
          "type": "renderModule",
          "assetId": "PJWTlzHcBZ7p",
          "checksum": "7264e0fcb433da30375d10a19078815b"
        },
        {
          "type": "cssRules",
          "assetId": "PJWTlzHcBZ7p",
          "checksum": "7264e0fcb433da30375d10a19078815b"
        },
        {
          "type": "renderModule",
          "assetId": "esyft2uHAHt0",
          "checksum": "ee0e5ff1534f343e742c3df01b28392b"
        },
        {
          "type": "cssRules",
          "assetId": "esyft2uHAHt0",
          "checksum": "ee0e5ff1534f343e742c3df01b28392b"
        },
        {
          "type": "renderModule",
          "assetId": "U5EmY8sFP-ud",
          "checksum": "40683d0ab66bdb6b4d096892537f5e7c"
        },
        {
          "type": "cssRules",
          "assetId": "U5EmY8sFP-ud",
          "checksum": "40683d0ab66bdb6b4d096892537f5e7c"
        },
        {
          "type": "renderModule",
          "assetId": "nKIZPYFzjh5s",
          "checksum": "e5e9ca98a544af06eb3ae1ccaa2a912e"
        },
        {
          "type": "cssRules",
          "assetId": "nKIZPYFzjh5s",
          "checksum": "e5e9ca98a544af06eb3ae1ccaa2a912e"
        },
        {
          "type": "icon",
          "assetId": "gWCsHg7CcOn9",
          "checksum": "2b2aad051dfcc3e196357a4d166cd4de"
        },
        {
          "type": "icon",
          "assetId": "BjhDPv0KZzdr",
          "checksum": "8b2082d4e0f9e923d37e00fd802ce390"
        },
        {
          "type": "icon",
          "assetId": "wehqELmP-8wt",
          "checksum": "365df39d03152d95b8f29a9d1fa47fa8"
        },
        {
          "type": "icon",
          "assetId": "NCxh61Z_zTgr",
          "checksum": "7f40fbbf514e94321b78cac36b4fc2ab"
        },
        {
          "type": "icon",
          "assetId": "Uzd0P-0NOQ-l",
          "checksum": "a79e93816952c1ca2df6b575c618b51c"
        },
        {
          "type": "icon",
          "assetId": "kiKzi80OG_xD",
          "checksum": "938a3c7ea901eb367a2d38683089cf30"
        },
        {
          "type": "icon",
          "assetId": "t5KDi-TfYURQ",
          "checksum": "87a49fe30b89a3a146a0eba113c2e60b"
        },
        {
          "type": "icon",
          "assetId": "S_2mknsDBwJc",
          "checksum": "60de7b09a216a435921026162712f8fc"
        },
        {
          "type": "icon",
          "assetId": "qRfkE60ftApl",
          "checksum": "ecea16073d67547e2fdb410275f04678"
        },
        {
          "type": "icon",
          "assetId": "8f7K4dfkdyqA",
          "checksum": "dc6fb7faf6fb71724f459c54aed6b8da"
        },
        {
          "type": "icon",
          "assetId": "Mc-Qs5p3T70Q",
          "checksum": "ae0be5c459ff7fe17c727aca12d259d3"
        },
        {
          "type": "icon",
          "assetId": "P3eiF03gs4CB",
          "checksum": "96dbbcd089f307d859d9f391c48012ce"
        },
        {
          "type": "icon",
          "assetId": "2sSdVRRqSg4i",
          "checksum": "9e6f932fa11cbfffed929caf9d5231d1"
        },
        {
          "type": "icon",
          "assetId": "7-aR21xczYjN",
          "checksum": "b67d17cea6c57085d1bec756fe2eb47f"
        },
        {
          "type": "icon",
          "assetId": "ovqxlsAdwXI5",
          "checksum": "3151cb5753bc3aa84b4ac3a9244cf763"
        },
        {
          "type": "icon",
          "assetId": "uCdN6E9I84w6",
          "checksum": "557b1f26c965f867ddc1d16d88577deb"
        },
        {
          "type": "image",
          "assetId": "Ep2An7-L3a8C",
          "checksum": "96c2d41ab6f0579f4d0afb29fde677cf"
        },
        {
          "type": "image",
          "assetId": "FBZPv3GHmqLc",
          "checksum": "4e9560680e6c654c9234578d1f021110"
        },
        {
          "type": "image",
          "assetId": "2kKxuN_GLUWx",
          "checksum": "e0cb0330f075dad9d5e1bb0b72a548b9"
        },
        {
          "type": "image",
          "assetId": "-TCgN4U0CLA0",
          "checksum": "feb1df8ab05efbf4c212ae30a1b62adb"
        },
        {
          "type": "image",
          "assetId": "veAJVfzgWrKO",
          "checksum": "d6a002ba7e2fdfc02015a8921669cc05"
        },
        {
          "type": "image",
          "assetId": "iXkB48tXLMVJ",
          "checksum": "8ce0fb71c23c6ab2367ed256edf9603b"
        },
        {
          "type": "image",
          "assetId": "VhfTVTyxAn_f",
          "checksum": "6b65e979ba42bf2f752159b3cc8fddba"
        },
        {
          "type": "image",
          "assetId": "5LF1l_Ll5L0a",
          "checksum": "d25c85ca55291c43414a68a45bf60dcb"
        },
        {
          "type": "image",
          "assetId": "devcZbLkk23v",
          "checksum": "7f4979c92055af15a918dc152a485f46"
        },
        {
          "type": "image",
          "assetId": "FcKZMm0umWtg",
          "checksum": "f18f9c2051cbf41a6f5f55fc285f631e"
        },
        {
          "type": "image",
          "assetId": "Lgo4zx8K5Nzs",
          "checksum": "6f2d343db39d1c4e6ae7d6d9c026b11f"
        },
        {
          "type": "image",
          "assetId": "FfjocW4aBWqr",
          "checksum": "38f649e0db8f525bb0f1a7433081a9ea"
        },
        {
          "type": "image",
          "assetId": "WjAhSoqyH5OM",
          "checksum": "605ab364811d5135bee85edd4adffe73"
        },
        {
          "type": "image",
          "assetId": "fmeswo7OGLoY",
          "checksum": "dc0b815f6f736c41691616129c727301"
        },
        {
          "type": "image",
          "assetId": "UBBN-CeHpkaW",
          "checksum": "06599a653be3fa60daacc4053b71cf39"
        },
        {
          "type": "image",
          "assetId": "VSnTEmcOwUXm",
          "checksum": "8580d20c0536c85478a945bc0697be23"
        },
        {
          "type": "image",
          "assetId": "dPL8mdYp-n60",
          "checksum": "3b4de6197e47146ff7aa5b718e44b3e6"
        },
        {
          "type": "image",
          "assetId": "DnU1S_MsBL3o",
          "checksum": "9633da0efa1ff5934b74a47b0e540144"
        },
        {
          "type": "image",
          "assetId": "9QH1QYeEXQIy",
          "checksum": "0ee3a4cad79cf4ee7806fc0be9c70661"
        },
        {
          "type": "image",
          "assetId": "ukMuHdmrytKD",
          "checksum": "0fcd8cff617e61417ec6e64a8b095356"
        },
        {
          "type": "image",
          "assetId": "w8JmYfQmQ_7u",
          "checksum": "f6e7db9ce22a884685644f53f6245a79"
        },
        {
          "type": "image",
          "assetId": "-WIQos2oMWcZ",
          "checksum": "d80cb15e8002728d534c643ad6958f21"
        },
        {
          "type": "image",
          "assetId": "U8I6ykisdsDJ",
          "checksum": "a09f75cfdbc8b348118c0699eae36d1c"
        },
        {
          "type": "image",
          "assetId": "0Z3RTIOtyoGy",
          "checksum": "1b5f9e1405a9fbc48454f3f43272e1c0"
        },
        {
          "type": "image",
          "assetId": "TTaUPBM3Ko00",
          "checksum": "7ffe3032b1698f1fed12b3943113d862"
        },
        {
          "type": "image",
          "assetId": "P6rOfIEuj9tL",
          "checksum": "af35255dbe5db332e2385cc2ba092ba1"
        },
        {
          "type": "image",
          "assetId": "DRk3LOHGF1uy",
          "checksum": "f78a7c5b7777d00a655fbd1add5e7172"
        },
        {
          "type": "image",
          "assetId": "P9MOkPkI7hSQ",
          "checksum": "9d456e1644ce10638f17e0507121635c"
        },
        {
          "type": "image",
          "assetId": "8kZipKtg_73h",
          "checksum": "94632c47f0de0b747ddd8c5da24ec48c"
        },
        {
          "type": "image",
          "assetId": "6xqkKNglwUEY",
          "checksum": "502418a36b20d5b556fbe313b117f016"
        },
        {
          "type": "image",
          "assetId": "g2yfVcRgQFVU",
          "checksum": "0fb09fc364e64344eed636b31fff8fac"
        },
        {
          "type": "image",
          "assetId": "1_cvodVSlZQH",
          "checksum": "78a04e3c5d46788e6745bb45ff1c20fa"
        },
        {
          "type": "image",
          "assetId": "4RRdm6hNWeu6",
          "checksum": "9c99a69d945a5f20cce6791efa5a5c79"
        },
        {
          "type": "image",
          "assetId": "sur6oP8tnr_v",
          "checksum": "93582b3513dcde6ca0b5335237607e27"
        },
        {
          "type": "image",
          "assetId": "Yobso0mU4Qq6",
          "checksum": "8647d23dccdc85948b5a3772a0ec691f"
        },
        {
          "type": "image",
          "assetId": "rD8cfUar7RRi",
          "checksum": "d5e907e13d8280f5f52d736a259036d2"
        },
        {
          "type": "image",
          "assetId": "mEGyq97h7hkP",
          "checksum": "a815f4c927225355feaf9b8a2ebcfe1b"
        },
        {
          "type": "image",
          "assetId": "M9QiyEbyXFe4",
          "checksum": "4d2c7d2d3993ab2ffc845af0130d9371"
        },
        {
          "type": "image",
          "assetId": "wafZvO0V70bk",
          "checksum": "801178e1d23de5fccb08a66971caaffe"
        },
        {
          "type": "image",
          "assetId": "MkC1qHpflfEq",
          "checksum": "2eb12a7d75285e293fbe9b682a546582"
        },
        {
          "type": "image",
          "assetId": "mlDcqHdtuU51",
          "checksum": "6bb9a8fb45cb77e5b03e406deb85b82a"
        },
        {
          "type": "image",
          "assetId": "iDFJvt5djwN6",
          "checksum": "67cbdb7f37a0533974cf15b74028a773"
        },
        {
          "type": "image",
          "assetId": "MW27N9FOG4Wp",
          "checksum": "cfdf841a54cee599821ba1348cb4f9af"
        },
        {
          "type": "image",
          "assetId": "UlLWt9fjPaRO",
          "checksum": "018562d82f8262f23acda2d7c50b9cfd"
        },
        {
          "type": "image",
          "assetId": "Sbdi3xlVfmc8",
          "checksum": "a10d95eb22c380fe69fd76c82a08955c"
        },
        {
          "type": "image",
          "assetId": "krzLDR5u55oK",
          "checksum": "d8b01f1185cee842d258763f3f385a84"
        },
        {
          "type": "image",
          "assetId": "33aEOmv9U_cx",
          "checksum": "47c59cc7cc438071b01692741b553239"
        },
        {
          "type": "image",
          "assetId": "0JnepLG7kBkL",
          "checksum": "25f46fd052d15bb26df67c05d92cfba0"
        },
        {
          "type": "image",
          "assetId": "Ln4GRh4VQnEg",
          "checksum": "6f498276df1f12e9838cf1ce31753f4a"
        },
        {
          "type": "image",
          "assetId": "3XG9vEUS_dBa",
          "checksum": "809ba2612abddf0d130d9cc9f6f43b99"
        },
        {
          "type": "image",
          "assetId": "iYs5VFUTP4Ml",
          "checksum": "c695c19161ecb9d08764ef7f98526a46"
        },
        {
          "type": "image",
          "assetId": "NkLTePhvCoNK",
          "checksum": "25a7d9d834b7784d5b27f748b768ed60"
        },
        {
          "type": "image",
          "assetId": "_K4O05QbZYtV",
          "checksum": "2bd6710d2a1ed206015044a7017b77cb"
        },
        {
          "type": "image",
          "assetId": "k0crbVPB1lTF",
          "checksum": "160963da5f9b13d6405a93760dcb4201"
        },
        {
          "type": "image",
          "assetId": "gvx8R_EqcuJ1",
          "checksum": "adf0ec8502783c861a66da2fb48597c9"
        },
        {
          "type": "image",
          "assetId": "4cisZNhBbzu0",
          "checksum": "72b976e22ab948d77dd518e47b6b5c03"
        },
        {
          "type": "image",
          "assetId": "HpAXF7n-LOnR",
          "checksum": "2042140b9cf9160b1ee5f58568182fb4"
        },
        {
          "type": "image",
          "assetId": "wbeNopI7y8V2",
          "checksum": "273fd158b270a7bfc19866399512f778"
        },
        {
          "type": "image",
          "assetId": "CdLbmyZAgzAq",
          "checksum": "375dc43cc4bcd2aa28a3fceb196eee28"
        },
        {
          "type": "image",
          "assetId": "JaavjSJy_TAg",
          "checksum": "b4bd05083d4ef71113d81d2d78e03b21"
        },
        {
          "type": "image",
          "assetId": "hiGuiSudckdF",
          "checksum": "8d5910a563a97f7aeb0b1f873b7d85f4"
        },
        {
          "type": "image",
          "assetId": "sy0TYaZ5agvX",
          "checksum": "e9642b4f6c9a53f41dc26504c4946478"
        },
        {
          "type": "image",
          "assetId": "KyG6xWMxv28u",
          "checksum": "9884958eafb8e3369b4483de35b1ea99"
        },
        {
          "type": "image",
          "assetId": "encRD3rOrvgW",
          "checksum": "e8b193e97417f87565400d1b6d3ac1b7"
        },
        {
          "type": "image",
          "assetId": "rRNtJPx-ZdlI",
          "checksum": "6ecd46436047417da5f35166e06b1c71"
        },
        {
          "type": "image",
          "assetId": "2RN-vzaaWQAK",
          "checksum": "8a326d44ee430ab1ae2c4f1f66912281"
        },
        {
          "type": "image",
          "assetId": "roybckYZxaHQ",
          "checksum": "9eb7fa8ca26f5182b4780cdbfc13927b"
        },
        {
          "type": "image",
          "assetId": "0E-ByzCOerLd",
          "checksum": "4f89b5def9d79324738ec0a12a703ec1"
        },
        {
          "type": "image",
          "assetId": "ISWPffzGJfgX",
          "checksum": "3ed0cde54822db1c8b4f652b8b5df818"
        },
        {
          "type": "image",
          "assetId": "Vt52YjEbaCFU",
          "checksum": "ebb934cfe6a8650f89a9b2b479f662b0"
        },
        {
          "type": "image",
          "assetId": "Fmze8-bEm8Sl",
          "checksum": "0fc1c9bc4978d13dedb8686c03361028"
        },
        {
          "type": "image",
          "assetId": "YQjUlPcJGypp",
          "checksum": "b20ea0e0c9436f34b18137178cbedb5a"
        },
        {
          "type": "image",
          "assetId": "2xfAQc_UURA5",
          "checksum": "789f87c3f3fd0aa5dc711418a6e22fef"
        },
        {
          "type": "image",
          "assetId": "wiASP6kYZS6Y",
          "checksum": "eeceedb554693b8067d43c2912ac5d8e"
        },
        {
          "type": "image",
          "assetId": "BZOCqn8a6NG8",
          "checksum": "6a1a0a1f7a5488697f086aa47cabbba8"
        },
        {
          "type": "image",
          "assetId": "Kx4U2l0ZP8Mh",
          "checksum": "8022f342e3811fc7ad033dc7f91fac9b"
        },
        {
          "type": "image",
          "assetId": "AnjxGoMrJMCV",
          "checksum": "f453c97c71d84584cf813230751fc5ec"
        },
        {
          "type": "image",
          "assetId": "aF14E2izlJye",
          "checksum": "3181ae40214023e0cece9d78bdf0e1dc"
        },
        {
          "type": "image",
          "assetId": "c5FmQ39NKLjO",
          "checksum": "52cb23e4e138e68dd0719e14daa16c96"
        },
        {
          "type": "image",
          "assetId": "hsBOKGB9P2k3",
          "checksum": "45891e8297a8a749909c26308ebd10bc"
        },
        {
          "type": "image",
          "assetId": "-2HZyivcv_o5",
          "checksum": "df664201e187ac55abf6aa55d7c71673"
        },
        {
          "type": "image",
          "assetId": "MUy89lNdsEXb",
          "checksum": "ada387d363fb0e039bbdbb95339e928b"
        },
        {
          "type": "image",
          "assetId": "8dVJ83oiA7ZR",
          "checksum": "c93b64358babd4651abb5fb85a678b4d"
        },
        {
          "type": "image",
          "assetId": "bs2U1dWozzYG",
          "checksum": "af63e4906010314588eb8ea354675fe6"
        },
        {
          "type": "image",
          "assetId": "-LbQeZqy9IUL",
          "checksum": "aae2267ecdb3dbe696e273f9983edb99"
        },
        {
          "type": "image",
          "assetId": "thEmwjE8U5Oe",
          "checksum": "7b63d263a53f472674b9b21d567d70a7"
        },
        {
          "type": "image",
          "assetId": "Rc4autzU8wZg",
          "checksum": "6984b524d8751de1affce0ce8c9005e6"
        },
        {
          "type": "image",
          "assetId": "nx0Q7oAhhhiK",
          "checksum": "a8280f7cf87d1cdc471e69bea3b6fcd1"
        },
        {
          "type": "image",
          "assetId": "TAAcY3klguJS",
          "checksum": "dc5b050d007aa364950ad25259c0edaf"
        },
        {
          "type": "image",
          "assetId": "YKI_vmyc-Oex",
          "checksum": "8d2afe7653f78f03e86b5c12e9bfb146"
        },
        {
          "type": "image",
          "assetId": "OlaGRAbXbAS5",
          "checksum": "602814243f456488a24c7ec5f30c65e8"
        },
        {
          "type": "image",
          "assetId": "bR6m417YkfBA",
          "checksum": "5df507b5a621673019618a506844e56b"
        },
        {
          "type": "image",
          "assetId": "mxa1zx6-rIk6",
          "checksum": "db4161c4e476fb2f930991db3f830b1e"
        },
        {
          "type": "image",
          "assetId": "6o5abKCZp_eQ",
          "checksum": "0bff938d0f87c23e2b52ca274229e499"
        },
        {
          "type": "image",
          "assetId": "MCRQOlBhsV3a",
          "checksum": "9d28585649e6c2ce6056cdd29773700e"
        },
        {
          "type": "image",
          "assetId": "YS6DepC7-Wmp",
          "checksum": "814912b999cceb3fbd1aed4b6c12a810"
        },
        {
          "type": "image",
          "assetId": "dowdM9QX_VPu",
          "checksum": "7fbbaff884f9f7e8a107ac42858c9519"
        },
        {
          "type": "image",
          "assetId": "1Sr_UaMjNp86",
          "checksum": "8f1fc942f5f74d9f63def724b64bbaa7"
        },
        {
          "type": "image",
          "assetId": "k8YGldQLdZhu",
          "checksum": "dcc542496dda0763161caa25e0e043ae"
        },
        {
          "type": "image",
          "assetId": "5DIHcH4eCPBZ",
          "checksum": "c103cefa474116e75e4a0c3616c22474"
        },
        {
          "type": "image",
          "assetId": "VhL4TY2tyN8J",
          "checksum": "6e8f7a229dcce41d655bf10548214ff4"
        },
        {
          "type": "image",
          "assetId": "vowVFOkOkksh",
          "checksum": "61ddf0509e8f7b8c07a97b5e70b7af3f"
        },
        {
          "type": "image",
          "assetId": "eezmNGNOORVo",
          "checksum": "11afe8acf312bfbaad0470348dade95c"
        },
        {
          "type": "image",
          "assetId": "V-9AI084DGXY",
          "checksum": "eeed83742fc40575ccce84d90b3a266d"
        },
        {
          "type": "image",
          "assetId": "awGGaik9i8Pc",
          "checksum": "3b4fbe71ed66b2406e9b21a8bc165d81"
        },
        {
          "type": "image",
          "assetId": "H189xLvQMtrN",
          "checksum": "bb4f2ff342ba7463c84d34b29744df17"
        },
        {
          "type": "image",
          "assetId": "u0B8ccPYWN10",
          "checksum": "55056ea13f06399e1a452ab715853938"
        },
        {
          "type": "image",
          "assetId": "GPNTISXQrajp",
          "checksum": "d744de2eb93263e9a6ca813e6a36d9f3"
        },
        {
          "type": "image",
          "assetId": "yUcekfnr5662",
          "checksum": "3598dbb502404f2f522f5665c765a90e"
        },
        {
          "type": "image",
          "assetId": "aADwHGb5aqPD",
          "checksum": "1cb897099fcd5640b3ddec204980d1da"
        },
        {
          "type": "image",
          "assetId": "xuSQ_sc9Okfi",
          "checksum": "d56f68c9bf4c2a7f7ea59155e5a85356"
        },
        {
          "type": "image",
          "assetId": "s8iacPcgNxSN",
          "checksum": "930778b554ee173beb9de3f02344d4c6"
        },
        {
          "type": "image",
          "assetId": "BGJOHuj-rh88",
          "checksum": "d4c7549af5cff3daf07d1ce7304ce571"
        },
        {
          "type": "image",
          "assetId": "vG_eBsw6TH1r",
          "checksum": "8f1c11d5366ddc8432069665ba96805e"
        },
        {
          "type": "image",
          "assetId": "sDP4x3EsCh2N",
          "checksum": "879b4fa6647f625f215ee6e22f52f6b8"
        },
        {
          "type": "image",
          "assetId": "wKvv1X21r1ID",
          "checksum": "2c34a8cda3f85063866cc3af537fb738"
        },
        {
          "type": "image",
          "assetId": "yIV-ksOWQtYJ",
          "checksum": "622d9c79b886a73593b60620fe4ee9ce"
        },
        {
          "type": "image",
          "assetId": "AAvnr0MsaxS2",
          "checksum": "8945d339717205e0bd7eac46b92bf34e"
        },
        {
          "type": "image",
          "assetId": "2RT_vdwxKTcK",
          "checksum": "1c39a310d4f02bcdf168663bb5a435dd"
        },
        {
          "type": "image",
          "assetId": "Dn9KJ27fRVhv",
          "checksum": "daf5db704e80920e48a449930b59a6d2"
        },
        {
          "type": "image",
          "assetId": "0ToM-uPj4ZjU",
          "checksum": "1a0884824544cd146909569c6b370b4e"
        },
        {
          "type": "image",
          "assetId": "qQA4BrlRtGkI",
          "checksum": "a8ce17793775663ed97fcd4a9dd8b1de"
        },
        {
          "type": "image",
          "assetId": "GtVTBlpddx3P",
          "checksum": "d028d99f04235101b35faa0ee01b69b3"
        },
        {
          "type": "image",
          "assetId": "LvtrBwQb6NUB",
          "checksum": "5da419195629fa3ddc1639a124851966"
        },
        {
          "type": "image",
          "assetId": "mOXD8jZMRVpE",
          "checksum": "55fd822a3164f8bb70fb24d43d23b8e1"
        },
        {
          "type": "image",
          "assetId": "2HH2LYNe4_A9",
          "checksum": "1bf6eb050a3a7ad004f04e847d6666c2"
        },
        {
          "type": "image",
          "assetId": "fwg53O8RCIaV",
          "checksum": "c1a4c933ad0463b130af7ee6bc8169a2"
        },
        {
          "type": "image",
          "assetId": "W7nDUlOoMD1r",
          "checksum": "66cbfb36a41f68d55ad5e959580dcc87"
        },
        {
          "type": "image",
          "assetId": "noyZg0W3vei4",
          "checksum": "18737c9e5e16e00f564eb233615de8bc"
        },
        {
          "type": "image",
          "assetId": "RLYn88cuQGjW",
          "checksum": "7eec3ff01f73a8f6c83196009287609f"
        },
        {
          "type": "image",
          "assetId": "H0JzQzsP1AXh",
          "checksum": "3e34eae26ccbfa4e31e7c998a296ecd1"
        },
        {
          "type": "image",
          "assetId": "4kV2VDVOxlkf",
          "checksum": "608df290a6b0b901f8505fced602bb92"
        },
        {
          "type": "image",
          "assetId": "W94CM7qnReb_",
          "checksum": "1e5730906cfaac213d244015a61ab13e"
        },
        {
          "type": "image",
          "assetId": "xxgq8cq9jORY",
          "checksum": "77fafc0ec21a3787c56fec25f3fd0ddd"
        },
        {
          "type": "image",
          "assetId": "g_SQnQpHzqYO",
          "checksum": "4275787035e64b62c59b3fdf4b69ad5b"
        },
        {
          "type": "image",
          "assetId": "VePbutAv9GEI",
          "checksum": "c8df79f975aec83273358ee78f707618"
        },
        {
          "type": "image",
          "assetId": "Gkajnz5bpdFh",
          "checksum": "b4ffff7555097d223f5c54d160d73de1"
        },
        {
          "type": "image",
          "assetId": "GIWRwlQ4BGYE",
          "checksum": "54992e6c93f2c7449b84f7e594da343e"
        },
        {
          "type": "image",
          "assetId": "C6AquCkCnCav",
          "checksum": "808da28e65f42e99e1413d49ea0995b9"
        },
        {
          "type": "image",
          "assetId": "N5xYhMurGtYt",
          "checksum": "853f7dc7ba9d2d16518f5d9f13ffda49"
        },
        {
          "type": "image",
          "assetId": "6--C4kh20yPe",
          "checksum": "60a4fe25b35c45f160105086d94dedc7"
        },
        {
          "type": "image",
          "assetId": "JbbSkmR5WkI7",
          "checksum": "3daa04bda46d0cd58a73368cb764b868"
        },
        {
          "type": "image",
          "assetId": "2pUZvghhy3B-",
          "checksum": "d26fe827164dbc277f0a7357d0fbc4cd"
        },
        {
          "type": "image",
          "assetId": "xeFd_PwJTemW",
          "checksum": "49163b0d8557fa1bf0f2221e46804513"
        },
        {
          "type": "image",
          "assetId": "cvEvIr-UMgdf",
          "checksum": "463d43f567599eaf2ce4d33be2574bbe"
        },
        {
          "type": "image",
          "assetId": "xgMDLymxCS0c",
          "checksum": "75f67e37a4ad345ecf8171ce849b1a6b"
        },
        {
          "type": "image",
          "assetId": "d7d1mppiaxCt",
          "checksum": "b31b7cad8a9be1dd82b326c1cd99b1ac"
        },
        {
          "type": "image",
          "assetId": "basMu4R-UN2T",
          "checksum": "3a7114f236d0ec284314d6d979d90c16"
        },
        {
          "type": "image",
          "assetId": "rapeiwfW0y3G",
          "checksum": "f771b6510438271375b62b22a428b5ce"
        },
        {
          "type": "image",
          "assetId": "_40vBfjsX5IT",
          "checksum": "c2a7a3c19e3ebdaca6753af6369e95c8"
        },
        {
          "type": "image",
          "assetId": "Ea8_-3qC3JZu",
          "checksum": "d57e17c89c26ceadda32eace801e7963"
        },
        {
          "type": "image",
          "assetId": "mct1JL0WO8AU",
          "checksum": "28025b00c64b9c31b2cd4b6bd4a119f2"
        },
        {
          "type": "image",
          "assetId": "uk4a7FS4XTmF",
          "checksum": "c4df411e68066fae452d6709b7b4642e"
        },
        {
          "type": "image",
          "assetId": "_4GRkclggsyr",
          "checksum": "942d9e64331e3e06fcb9ae0f177071ed"
        },
        {
          "type": "image",
          "assetId": "mAAiXcMA5ePq",
          "checksum": "6a856a4c8beb5535a60f43dbac95fd0a"
        },
        {
          "type": "image",
          "assetId": "8kYSLjEWDkNf",
          "checksum": "ee5a68e8298a0372c0dd6bf7d3dca4da"
        },
        {
          "type": "image",
          "assetId": "kXj3kZ947qHN",
          "checksum": "961ba3a1cba6eab00aa841014cfe8bed"
        },
        {
          "type": "image",
          "assetId": "SCwPjicG8tOe",
          "checksum": "459d1e128ecc3cc531fcb988c7c97aef"
        },
        {
          "type": "image",
          "assetId": "bTjmfEXihPas",
          "checksum": "6e51a0d00b6469fde0bf653a604d6364"
        },
        {
          "type": "image",
          "assetId": "r2nj5tRo8G1N",
          "checksum": "580a34ba294cfc5270311c32de8abf5a"
        },
        {
          "type": "image",
          "assetId": "mmUkr6Day7SP",
          "checksum": "e94df15c280dc463e42abdc0f472c254"
        },
        {
          "type": "image",
          "assetId": "imEm9uZ9XUG5",
          "checksum": "ffe0687369db4339b4053efc27d4e7ef"
        },
        {
          "type": "image",
          "assetId": "-RvEn97ikZ3k",
          "checksum": "bd06f7bf2040ac55356130f995c4195f"
        },
        {
          "type": "image",
          "assetId": "nlfdkDrkK1Lc",
          "checksum": "0469ea8de1ce8bed4959d67592a0b3be"
        },
        {
          "type": "image",
          "assetId": "ITmHJLROLWQL",
          "checksum": "5d8107015a29969d5e6b59cb44d317ef"
        },
        {
          "type": "image",
          "assetId": "_y26XUD7uNat",
          "checksum": "53f28732c9345531a315022d1cb963e6"
        },
        {
          "assetId": "9eShMHQiqbhQ86dWVmhWN6",
          "type": "projectCss",
          "checksum": "27b7ad3240a11f87f84581722c3a7ae3"
        }
      ],
      "codegenVersion": "0.0.1"
    }
  ],
  "cliVersion": "0.1.327"
}
